// !$*UTF8*$!
{
	archiveVersion = 1;
	classes = {
	};
	objectVersion = 46;
	objects = {

/* Begin PBXBuildFile section */
		7C03202B1C90A06900E299D2 /* MPCManager.swift in Sources */ = {isa = PBXBuildFile; fileRef = 7C03202A1C90A06900E299D2 /* MPCManager.swift */; };
		7C03202D1C90A09A00E299D2 /* ChatViewController.swift in Sources */ = {isa = PBXBuildFile; fileRef = 7C03202C1C90A09A00E299D2 /* ChatViewController.swift */; };
		7C0320311C90A6BF00E299D2 /* HomePageViewController.swift in Sources */ = {isa = PBXBuildFile; fileRef = 7C0320301C90A6BF00E299D2 /* HomePageViewController.swift */; };
		7C0320341C90B04100E299D2 /* Main.storyboard in Resources */ = {isa = PBXBuildFile; fileRef = 7C0320321C90B04100E299D2 /* Main.storyboard */; };
		7C0661AE1C876670003C04BD /* ApiConnectorViewController.swift in Sources */ = {isa = PBXBuildFile; fileRef = 7C0661AD1C876670003C04BD /* ApiConnectorViewController.swift */; };
		7C1154411C99A5070041C012 /* MeetUpPageViewController.swift in Sources */ = {isa = PBXBuildFile; fileRef = 7C1154401C99A5070041C012 /* MeetUpPageViewController.swift */; };
		7C1155441CAD9A1F0041C012 /* QuestionsViewController.swift in Sources */ = {isa = PBXBuildFile; fileRef = 7C1155431CAD9A1E0041C012 /* QuestionsViewController.swift */; };
		7CDC51961C88614F00D50F53 /* CollectionTwitterViewController.swift in Sources */ = {isa = PBXBuildFile; fileRef = 7CDC51951C88614F00D50F53 /* CollectionTwitterViewController.swift */; };
		7CDC51981C8862A700D50F53 /* CollectionTwitterCollectionViewCell.swift in Sources */ = {isa = PBXBuildFile; fileRef = 7CDC51971C8862A600D50F53 /* CollectionTwitterCollectionViewCell.swift */; };
		7CE313271C97027C00634900 /* ChatViewCell.swift in Sources */ = {isa = PBXBuildFile; fileRef = 7CE313261C97027C00634900 /* ChatViewCell.swift */; };
		7CED63651C7353CD0003B19A /* AppDelegate.swift in Sources */ = {isa = PBXBuildFile; fileRef = 7CED63641C7353CD0003B19A /* AppDelegate.swift */; };
		7CED636C1C7353CD0003B19A /* Images.xcassets in Resources */ = {isa = PBXBuildFile; fileRef = 7CED636B1C7353CD0003B19A /* Images.xcassets */; };
		7CED636F1C7353CD0003B19A /* LaunchScreen.xib in Resources */ = {isa = PBXBuildFile; fileRef = 7CED636D1C7353CD0003B19A /* LaunchScreen.xib */; };
		7CED637B1C7353CD0003B19A /* CyrusTheGreatTests.swift in Sources */ = {isa = PBXBuildFile; fileRef = 7CED637A1C7353CD0003B19A /* CyrusTheGreatTests.swift */; };
		7CED63861C7355DC0003B19A /* FrontPageViewController.swift in Sources */ = {isa = PBXBuildFile; fileRef = 7CED63851C7355DC0003B19A /* FrontPageViewController.swift */; };
		7CED63881C75FC110003B19A /* SignUpPageViewController.swift in Sources */ = {isa = PBXBuildFile; fileRef = 7CED63871C75FC110003B19A /* SignUpPageViewController.swift */; };
		A31506A43E187C7253EE0098 /* Pods_CyrusTheGreat.framework in Frameworks */ = {isa = PBXBuildFile; fileRef = 2F50F7BDD3C88199EE36B4AB /* Pods_CyrusTheGreat.framework */; };
/* End PBXBuildFile section */

/* Begin PBXContainerItemProxy section */
		7CED63751C7353CD0003B19A /* PBXContainerItemProxy */ = {
			isa = PBXContainerItemProxy;
			containerPortal = 7CED63571C7353CC0003B19A /* Project object */;
			proxyType = 1;
			remoteGlobalIDString = 7CED635E1C7353CD0003B19A;
			remoteInfo = CyrusTheGreat;
		};
/* End PBXContainerItemProxy section */

/* Begin PBXFileReference section */
		2F50F7BDD3C88199EE36B4AB /* Pods_CyrusTheGreat.framework */ = {isa = PBXFileReference; explicitFileType = wrapper.framework; includeInIndex = 0; path = Pods_CyrusTheGreat.framework; sourceTree = BUILT_PRODUCTS_DIR; };
		7C03202A1C90A06900E299D2 /* MPCManager.swift */ = {isa = PBXFileReference; fileEncoding = 4; lastKnownFileType = sourcecode.swift; path = MPCManager.swift; sourceTree = "<group>"; };
		7C03202C1C90A09A00E299D2 /* ChatViewController.swift */ = {isa = PBXFileReference; fileEncoding = 4; lastKnownFileType = sourcecode.swift; path = ChatViewController.swift; sourceTree = "<group>"; };
		7C0320301C90A6BF00E299D2 /* HomePageViewController.swift */ = {isa = PBXFileReference; fileEncoding = 4; lastKnownFileType = sourcecode.swift; path = HomePageViewController.swift; sourceTree = "<group>"; };
		7C0320331C90B04100E299D2 /* Base */ = {isa = PBXFileReference; lastKnownFileType = file.storyboard; name = Base; path = Base.lproj/Main.storyboard; sourceTree = "<group>"; };
		7C0661AD1C876670003C04BD /* ApiConnectorViewController.swift */ = {isa = PBXFileReference; fileEncoding = 4; lastKnownFileType = sourcecode.swift; path = ApiConnectorViewController.swift; sourceTree = "<group>"; };
		7C1154401C99A5070041C012 /* MeetUpPageViewController.swift */ = {isa = PBXFileReference; fileEncoding = 4; lastKnownFileType = sourcecode.swift; path = MeetUpPageViewController.swift; sourceTree = "<group>"; };
		7C1155431CAD9A1E0041C012 /* QuestionsViewController.swift */ = {isa = PBXFileReference; fileEncoding = 4; lastKnownFileType = sourcecode.swift; path = QuestionsViewController.swift; sourceTree = "<group>"; };
		7CDC51951C88614F00D50F53 /* CollectionTwitterViewController.swift */ = {isa = PBXFileReference; fileEncoding = 4; lastKnownFileType = sourcecode.swift; path = CollectionTwitterViewController.swift; sourceTree = "<group>"; };
		7CDC51971C8862A600D50F53 /* CollectionTwitterCollectionViewCell.swift */ = {isa = PBXFileReference; fileEncoding = 4; lastKnownFileType = sourcecode.swift; path = CollectionTwitterCollectionViewCell.swift; sourceTree = "<group>"; };
		7CE313261C97027C00634900 /* ChatViewCell.swift */ = {isa = PBXFileReference; fileEncoding = 4; lastKnownFileType = sourcecode.swift; path = ChatViewCell.swift; sourceTree = "<group>"; };
		7CED635F1C7353CD0003B19A /* CyrusTheGreat.app */ = {isa = PBXFileReference; explicitFileType = wrapper.application; includeInIndex = 0; path = CyrusTheGreat.app; sourceTree = BUILT_PRODUCTS_DIR; };
		7CED63631C7353CD0003B19A /* Info.plist */ = {isa = PBXFileReference; lastKnownFileType = text.plist.xml; path = Info.plist; sourceTree = "<group>"; };
		7CED63641C7353CD0003B19A /* AppDelegate.swift */ = {isa = PBXFileReference; lastKnownFileType = sourcecode.swift; path = AppDelegate.swift; sourceTree = "<group>"; };
		7CED636B1C7353CD0003B19A /* Images.xcassets */ = {isa = PBXFileReference; lastKnownFileType = folder.assetcatalog; path = Images.xcassets; sourceTree = "<group>"; };
		7CED636E1C7353CD0003B19A /* Base */ = {isa = PBXFileReference; lastKnownFileType = file.xib; name = Base; path = Base.lproj/LaunchScreen.xib; sourceTree = "<group>"; };
		7CED63741C7353CD0003B19A /* CyrusTheGreatTests.xctest */ = {isa = PBXFileReference; explicitFileType = wrapper.cfbundle; includeInIndex = 0; path = CyrusTheGreatTests.xctest; sourceTree = BUILT_PRODUCTS_DIR; };
		7CED63791C7353CD0003B19A /* Info.plist */ = {isa = PBXFileReference; lastKnownFileType = text.plist.xml; path = Info.plist; sourceTree = "<group>"; };
		7CED637A1C7353CD0003B19A /* CyrusTheGreatTests.swift */ = {isa = PBXFileReference; lastKnownFileType = sourcecode.swift; path = CyrusTheGreatTests.swift; sourceTree = "<group>"; };
		7CED63851C7355DC0003B19A /* FrontPageViewController.swift */ = {isa = PBXFileReference; fileEncoding = 4; lastKnownFileType = sourcecode.swift; path = FrontPageViewController.swift; sourceTree = "<group>"; };
		7CED63871C75FC110003B19A /* SignUpPageViewController.swift */ = {isa = PBXFileReference; fileEncoding = 4; lastKnownFileType = sourcecode.swift; path = SignUpPageViewController.swift; sourceTree = "<group>"; };
		C8E8745AF9E19B74026C052F /* Pods-CyrusTheGreat.release.xcconfig */ = {isa = PBXFileReference; includeInIndex = 1; lastKnownFileType = text.xcconfig; name = "Pods-CyrusTheGreat.release.xcconfig"; path = "Pods/Target Support Files/Pods-CyrusTheGreat/Pods-CyrusTheGreat.release.xcconfig"; sourceTree = "<group>"; };
		C99A9EFAF2B202211E0AECAC /* Pods-CyrusTheGreat.debug.xcconfig */ = {isa = PBXFileReference; includeInIndex = 1; lastKnownFileType = text.xcconfig; name = "Pods-CyrusTheGreat.debug.xcconfig"; path = "Pods/Target Support Files/Pods-CyrusTheGreat/Pods-CyrusTheGreat.debug.xcconfig"; sourceTree = "<group>"; };
/* End PBXFileReference section */

/* Begin PBXFrameworksBuildPhase section */
		7CED635C1C7353CC0003B19A /* Frameworks */ = {
			isa = PBXFrameworksBuildPhase;
			buildActionMask = 2147483647;
			files = (
				A31506A43E187C7253EE0098 /* Pods_CyrusTheGreat.framework in Frameworks */,
			);
			runOnlyForDeploymentPostprocessing = 0;
		};
		7CED63711C7353CD0003B19A /* Frameworks */ = {
			isa = PBXFrameworksBuildPhase;
			buildActionMask = 2147483647;
			files = (
			);
			runOnlyForDeploymentPostprocessing = 0;
		};
/* End PBXFrameworksBuildPhase section */

/* Begin PBXGroup section */
		2F065D377D43818B82E88038 /* Pods */ = {
			isa = PBXGroup;
			children = (
				C99A9EFAF2B202211E0AECAC /* Pods-CyrusTheGreat.debug.xcconfig */,
				C8E8745AF9E19B74026C052F /* Pods-CyrusTheGreat.release.xcconfig */,
			);
			name = Pods;
			sourceTree = "<group>";
		};
		7CED63561C7353CC0003B19A = {
			isa = PBXGroup;
			children = (
				7CED63611C7353CD0003B19A /* CyrusTheGreat */,
				7CED63771C7353CD0003B19A /* CyrusTheGreatTests */,
				7CED63601C7353CD0003B19A /* Products */,
				2F065D377D43818B82E88038 /* Pods */,
				A9BE5146AF157582440CA688 /* Frameworks */,
			);
			sourceTree = "<group>";
		};
		7CED63601C7353CD0003B19A /* Products */ = {
			isa = PBXGroup;
			children = (
				7CED635F1C7353CD0003B19A /* CyrusTheGreat.app */,
				7CED63741C7353CD0003B19A /* CyrusTheGreatTests.xctest */,
			);
			name = Products;
			sourceTree = "<group>";
		};
		7CED63611C7353CD0003B19A /* CyrusTheGreat */ = {
			isa = PBXGroup;
			children = (
				7C0320321C90B04100E299D2 /* Main.storyboard */,
				7CED63641C7353CD0003B19A /* AppDelegate.swift */,
				7CED636B1C7353CD0003B19A /* Images.xcassets */,
				7CED636D1C7353CD0003B19A /* LaunchScreen.xib */,
				7CED63621C7353CD0003B19A /* Supporting Files */,
				7CED63851C7355DC0003B19A /* FrontPageViewController.swift */,
				7C03202A1C90A06900E299D2 /* MPCManager.swift */,
				7C0320301C90A6BF00E299D2 /* HomePageViewController.swift */,
				7C03202C1C90A09A00E299D2 /* ChatViewController.swift */,
				7C1154401C99A5070041C012 /* MeetUpPageViewController.swift */,
				7CED63871C75FC110003B19A /* SignUpPageViewController.swift */,
				7C0661AD1C876670003C04BD /* ApiConnectorViewController.swift */,
				7CDC51951C88614F00D50F53 /* CollectionTwitterViewController.swift */,
				7CDC51971C8862A600D50F53 /* CollectionTwitterCollectionViewCell.swift */,
				7CE313261C97027C00634900 /* ChatViewCell.swift */,
				7C1155431CAD9A1E0041C012 /* QuestionsViewController.swift */,
			);
			path = CyrusTheGreat;
			sourceTree = "<group>";
		};
		7CED63621C7353CD0003B19A /* Supporting Files */ = {
			isa = PBXGroup;
			children = (
				7CED63631C7353CD0003B19A /* Info.plist */,
			);
			name = "Supporting Files";
			sourceTree = "<group>";
		};
		7CED63771C7353CD0003B19A /* CyrusTheGreatTests */ = {
			isa = PBXGroup;
			children = (
				7CED637A1C7353CD0003B19A /* CyrusTheGreatTests.swift */,
				7CED63781C7353CD0003B19A /* Supporting Files */,
			);
			path = CyrusTheGreatTests;
			sourceTree = "<group>";
		};
		7CED63781C7353CD0003B19A /* Supporting Files */ = {
			isa = PBXGroup;
			children = (
				7CED63791C7353CD0003B19A /* Info.plist */,
			);
			name = "Supporting Files";
			sourceTree = "<group>";
		};
		A9BE5146AF157582440CA688 /* Frameworks */ = {
			isa = PBXGroup;
			children = (
				2F50F7BDD3C88199EE36B4AB /* Pods_CyrusTheGreat.framework */,
			);
			name = Frameworks;
			sourceTree = "<group>";
		};
/* End PBXGroup section */

/* Begin PBXNativeTarget section */
		7CED635E1C7353CD0003B19A /* CyrusTheGreat */ = {
			isa = PBXNativeTarget;
			buildConfigurationList = 7CED637E1C7353CD0003B19A /* Build configuration list for PBXNativeTarget "CyrusTheGreat" */;
			buildPhases = (
				7CC481421E02ABE10995FE48 /* Check Pods Manifest.lock */,
				7CED635B1C7353CC0003B19A /* Sources */,
				7CED635C1C7353CC0003B19A /* Frameworks */,
				7CED635D1C7353CC0003B19A /* Resources */,
				6BF207C30C24907D511E26E8 /* Embed Pods Frameworks */,
				A17C10F94AB2C84105101DE5 /* Copy Pods Resources */,
			);
			buildRules = (
			);
			dependencies = (
			);
			name = CyrusTheGreat;
			productName = CyrusTheGreat;
			productReference = 7CED635F1C7353CD0003B19A /* CyrusTheGreat.app */;
			productType = "com.apple.product-type.application";
		};
		7CED63731C7353CD0003B19A /* CyrusTheGreatTests */ = {
			isa = PBXNativeTarget;
			buildConfigurationList = 7CED63811C7353CD0003B19A /* Build configuration list for PBXNativeTarget "CyrusTheGreatTests" */;
			buildPhases = (
				7CED63701C7353CD0003B19A /* Sources */,
				7CED63711C7353CD0003B19A /* Frameworks */,
				7CED63721C7353CD0003B19A /* Resources */,
			);
			buildRules = (
			);
			dependencies = (
				7CED63761C7353CD0003B19A /* PBXTargetDependency */,
			);
			name = CyrusTheGreatTests;
			productName = CyrusTheGreatTests;
			productReference = 7CED63741C7353CD0003B19A /* CyrusTheGreatTests.xctest */;
			productType = "com.apple.product-type.bundle.unit-test";
		};
/* End PBXNativeTarget section */

/* Begin PBXProject section */
		7CED63571C7353CC0003B19A /* Project object */ = {
			isa = PBXProject;
			attributes = {
				LastSwiftUpdateCheck = 0720;
				LastUpgradeCheck = 0720;
				ORGANIZATIONNAME = "Dotun Opasina";
				TargetAttributes = {
					7CED635E1C7353CD0003B19A = {
						CreatedOnToolsVersion = 6.4;
						DevelopmentTeam = X49SN4Z5QT;
					};
					7CED63731C7353CD0003B19A = {
						CreatedOnToolsVersion = 6.4;
						TestTargetID = 7CED635E1C7353CD0003B19A;
					};
				};
			};
			buildConfigurationList = 7CED635A1C7353CC0003B19A /* Build configuration list for PBXProject "CyrusTheGreat" */;
			compatibilityVersion = "Xcode 3.2";
			developmentRegion = English;
			hasScannedForEncodings = 0;
			knownRegions = (
				en,
				Base,
			);
			mainGroup = 7CED63561C7353CC0003B19A;
			productRefGroup = 7CED63601C7353CD0003B19A /* Products */;
			projectDirPath = "";
			projectRoot = "";
			targets = (
				7CED635E1C7353CD0003B19A /* CyrusTheGreat */,
				7CED63731C7353CD0003B19A /* CyrusTheGreatTests */,
			);
		};
/* End PBXProject section */

/* Begin PBXResourcesBuildPhase section */
		7CED635D1C7353CC0003B19A /* Resources */ = {
			isa = PBXResourcesBuildPhase;
			buildActionMask = 2147483647;
			files = (
				7C0320341C90B04100E299D2 /* Main.storyboard in Resources */,
				7CED636F1C7353CD0003B19A /* LaunchScreen.xib in Resources */,
				7CED636C1C7353CD0003B19A /* Images.xcassets in Resources */,
			);
			runOnlyForDeploymentPostprocessing = 0;
		};
		7CED63721C7353CD0003B19A /* Resources */ = {
			isa = PBXResourcesBuildPhase;
			buildActionMask = 2147483647;
			files = (
			);
			runOnlyForDeploymentPostprocessing = 0;
		};
/* End PBXResourcesBuildPhase section */

/* Begin PBXShellScriptBuildPhase section */
		6BF207C30C24907D511E26E8 /* Embed Pods Frameworks */ = {
			isa = PBXShellScriptBuildPhase;
			buildActionMask = 2147483647;
			files = (
			);
			inputPaths = (
			);
			name = "Embed Pods Frameworks";
			outputPaths = (
			);
			runOnlyForDeploymentPostprocessing = 0;
			shellPath = /bin/sh;
			shellScript = "\"${SRCROOT}/Pods/Target Support Files/Pods-CyrusTheGreat/Pods-CyrusTheGreat-frameworks.sh\"\n";
			showEnvVarsInLog = 0;
		};
		7CC481421E02ABE10995FE48 /* Check Pods Manifest.lock */ = {
			isa = PBXShellScriptBuildPhase;
			buildActionMask = 2147483647;
			files = (
			);
			inputPaths = (
			);
			name = "Check Pods Manifest.lock";
			outputPaths = (
			);
			runOnlyForDeploymentPostprocessing = 0;
			shellPath = /bin/sh;
			shellScript = "diff \"${PODS_ROOT}/../Podfile.lock\" \"${PODS_ROOT}/Manifest.lock\" > /dev/null\nif [[ $? != 0 ]] ; then\n    cat << EOM\nerror: The sandbox is not in sync with the Podfile.lock. Run 'pod install' or update your CocoaPods installation.\nEOM\n    exit 1\nfi\n";
			showEnvVarsInLog = 0;
		};
		A17C10F94AB2C84105101DE5 /* Copy Pods Resources */ = {
			isa = PBXShellScriptBuildPhase;
			buildActionMask = 2147483647;
			files = (
			);
			inputPaths = (
			);
			name = "Copy Pods Resources";
			outputPaths = (
			);
			runOnlyForDeploymentPostprocessing = 0;
			shellPath = /bin/sh;
			shellScript = "\"${SRCROOT}/Pods/Target Support Files/Pods-CyrusTheGreat/Pods-CyrusTheGreat-resources.sh\"\n";
			showEnvVarsInLog = 0;
		};
/* End PBXShellScriptBuildPhase section */

/* Begin PBXSourcesBuildPhase section */
		7CED635B1C7353CC0003B19A /* Sources */ = {
			isa = PBXSourcesBuildPhase;
			buildActionMask = 2147483647;
			files = (
				7CED63881C75FC110003B19A /* SignUpPageViewController.swift in Sources */,
				7C03202B1C90A06900E299D2 /* MPCManager.swift in Sources */,
				7C1155441CAD9A1F0041C012 /* QuestionsViewController.swift in Sources */,
				7CDC51981C8862A700D50F53 /* CollectionTwitterCollectionViewCell.swift in Sources */,
				7C0661AE1C876670003C04BD /* ApiConnectorViewController.swift in Sources */,
				7CED63651C7353CD0003B19A /* AppDelegate.swift in Sources */,
				7C0320311C90A6BF00E299D2 /* HomePageViewController.swift in Sources */,
				7CE313271C97027C00634900 /* ChatViewCell.swift in Sources */,
				7CED63861C7355DC0003B19A /* FrontPageViewController.swift in Sources */,
				7C1154411C99A5070041C012 /* MeetUpPageViewController.swift in Sources */,
				7C03202D1C90A09A00E299D2 /* ChatViewController.swift in Sources */,
				7CDC51961C88614F00D50F53 /* CollectionTwitterViewController.swift in Sources */,
			);
			runOnlyForDeploymentPostprocessing = 0;
		};
		7CED63701C7353CD0003B19A /* Sources */ = {
			isa = PBXSourcesBuildPhase;
			buildActionMask = 2147483647;
			files = (
				7CED637B1C7353CD0003B19A /* CyrusTheGreatTests.swift in Sources */,
			);
			runOnlyForDeploymentPostprocessing = 0;
		};
/* End PBXSourcesBuildPhase section */

/* Begin PBXTargetDependency section */
		7CED63761C7353CD0003B19A /* PBXTargetDependency */ = {
			isa = PBXTargetDependency;
			target = 7CED635E1C7353CD0003B19A /* CyrusTheGreat */;
			targetProxy = 7CED63751C7353CD0003B19A /* PBXContainerItemProxy */;
		};
/* End PBXTargetDependency section */

/* Begin PBXVariantGroup section */
		7C0320321C90B04100E299D2 /* Main.storyboard */ = {
			isa = PBXVariantGroup;
			children = (
				7C0320331C90B04100E299D2 /* Base */,
			);
			name = Main.storyboard;
			sourceTree = "<group>";
		};
		7CED636D1C7353CD0003B19A /* LaunchScreen.xib */ = {
			isa = PBXVariantGroup;
			children = (
				7CED636E1C7353CD0003B19A /* Base */,
			);
			name = LaunchScreen.xib;
			sourceTree = "<group>";
		};
/* End PBXVariantGroup section */

/* Begin XCBuildConfiguration section */
		7CED637C1C7353CD0003B19A /* Debug */ = {
			isa = XCBuildConfiguration;
			buildSettings = {
				ALWAYS_SEARCH_USER_PATHS = NO;
				CLANG_CXX_LANGUAGE_STANDARD = "gnu++0x";
				CLANG_CXX_LIBRARY = "libc++";
				CLANG_ENABLE_MODULES = YES;
				CLANG_ENABLE_OBJC_ARC = YES;
				CLANG_WARN_BOOL_CONVERSION = YES;
				CLANG_WARN_CONSTANT_CONVERSION = YES;
				CLANG_WARN_DIRECT_OBJC_ISA_USAGE = YES_ERROR;
				CLANG_WARN_EMPTY_BODY = YES;
				CLANG_WARN_ENUM_CONVERSION = YES;
				CLANG_WARN_INT_CONVERSION = YES;
				CLANG_WARN_OBJC_ROOT_CLASS = YES_ERROR;
				CLANG_WARN_UNREACHABLE_CODE = YES;
				CLANG_WARN__DUPLICATE_METHOD_MATCH = YES;
				"CODE_SIGN_IDENTITY[sdk=iphoneos*]" = "iPhone Developer";
				COPY_PHASE_STRIP = NO;
				DEBUG_INFORMATION_FORMAT = "dwarf-with-dsym";
				ENABLE_STRICT_OBJC_MSGSEND = YES;
				ENABLE_TESTABILITY = YES;
				GCC_C_LANGUAGE_STANDARD = gnu99;
				GCC_DYNAMIC_NO_PIC = NO;
				GCC_NO_COMMON_BLOCKS = YES;
				GCC_OPTIMIZATION_LEVEL = 0;
				GCC_PREPROCESSOR_DEFINITIONS = (
					"DEBUG=1",
					"$(inherited)",
				);
				GCC_SYMBOLS_PRIVATE_EXTERN = NO;
				GCC_WARN_64_TO_32_BIT_CONVERSION = YES;
				GCC_WARN_ABOUT_RETURN_TYPE = YES_ERROR;
				GCC_WARN_UNDECLARED_SELECTOR = YES;
				GCC_WARN_UNINITIALIZED_AUTOS = YES_AGGRESSIVE;
				GCC_WARN_UNUSED_FUNCTION = YES;
				GCC_WARN_UNUSED_VARIABLE = YES;
				IPHONEOS_DEPLOYMENT_TARGET = 9.2;
				MTL_ENABLE_DEBUG_INFO = YES;
				ONLY_ACTIVE_ARCH = YES;
				SDKROOT = iphoneos;
				SWIFT_OPTIMIZATION_LEVEL = "-Onone";
			};
			name = Debug;
		};
		7CED637D1C7353CD0003B19A /* Release */ = {
			isa = XCBuildConfiguration;
			buildSettings = {
				ALWAYS_SEARCH_USER_PATHS = NO;
				CLANG_CXX_LANGUAGE_STANDARD = "gnu++0x";
				CLANG_CXX_LIBRARY = "libc++";
				CLANG_ENABLE_MODULES = YES;
				CLANG_ENABLE_OBJC_ARC = YES;
				CLANG_WARN_BOOL_CONVERSION = YES;
				CLANG_WARN_CONSTANT_CONVERSION = YES;
				CLANG_WARN_DIRECT_OBJC_ISA_USAGE = YES_ERROR;
				CLANG_WARN_EMPTY_BODY = YES;
				CLANG_WARN_ENUM_CONVERSION = YES;
				CLANG_WARN_INT_CONVERSION = YES;
				CLANG_WARN_OBJC_ROOT_CLASS = YES_ERROR;
				CLANG_WARN_UNREACHABLE_CODE = YES;
				CLANG_WARN__DUPLICATE_METHOD_MATCH = YES;
				"CODE_SIGN_IDENTITY[sdk=iphoneos*]" = "iPhone Developer";
				COPY_PHASE_STRIP = NO;
				DEBUG_INFORMATION_FORMAT = "dwarf-with-dsym";
				ENABLE_NS_ASSERTIONS = NO;
				ENABLE_STRICT_OBJC_MSGSEND = YES;
				GCC_C_LANGUAGE_STANDARD = gnu99;
				GCC_NO_COMMON_BLOCKS = YES;
				GCC_WARN_64_TO_32_BIT_CONVERSION = YES;
				GCC_WARN_ABOUT_RETURN_TYPE = YES_ERROR;
				GCC_WARN_UNDECLARED_SELECTOR = YES;
				GCC_WARN_UNINITIALIZED_AUTOS = YES_AGGRESSIVE;
				GCC_WARN_UNUSED_FUNCTION = YES;
				GCC_WARN_UNUSED_VARIABLE = YES;
				IPHONEOS_DEPLOYMENT_TARGET = 9.2;
				MTL_ENABLE_DEBUG_INFO = NO;
				SDKROOT = iphoneos;
				VALIDATE_PRODUCT = YES;
			};
			name = Release;
		};
		7CED637F1C7353CD0003B19A /* Debug */ = {
			isa = XCBuildConfiguration;
			baseConfigurationReference = C99A9EFAF2B202211E0AECAC /* Pods-CyrusTheGreat.debug.xcconfig */;
			buildSettings = {
				ASSETCATALOG_COMPILER_APPICON_NAME = AppIcon;
				CODE_SIGN_IDENTITY = "iPhone Developer";
				"CODE_SIGN_IDENTITY[sdk=iphoneos*]" = "iPhone Developer";
				INFOPLIST_FILE = CyrusTheGreat/Info.plist;
				LD_RUNPATH_SEARCH_PATHS = "$(inherited) @executable_path/Frameworks";
				PRODUCT_BUNDLE_IDENTIFIER = "edu.jhu.opasina.oladotun.$(PRODUCT_NAME:rfc1034identifier)";
				PRODUCT_NAME = "$(TARGET_NAME)";
				PROVISIONING_PROFILE = "";
			};
			name = Debug;
		};
		7CED63801C7353CD0003B19A /* Release */ = {
			isa = XCBuildConfiguration;
			baseConfigurationReference = C8E8745AF9E19B74026C052F /* Pods-CyrusTheGreat.release.xcconfig */;
			buildSettings = {
				ASSETCATALOG_COMPILER_APPICON_NAME = AppIcon;
				CODE_SIGN_IDENTITY = "iPhone Developer";
				"CODE_SIGN_IDENTITY[sdk=iphoneos*]" = "iPhone Developer";
				INFOPLIST_FILE = CyrusTheGreat/Info.plist;
				LD_RUNPATH_SEARCH_PATHS = "$(inherited) @executable_path/Frameworks";
				PRODUCT_BUNDLE_IDENTIFIER = "edu.jhu.opasina.oladotun.$(PRODUCT_NAME:rfc1034identifier)";
				PRODUCT_NAME = "$(TARGET_NAME)";
				PROVISIONING_PROFILE = "";
			};
			name = Release;
		};
		7CED63821C7353CD0003B19A /* Debug */ = {
			isa = XCBuildConfiguration;
			buildSettings = {
				BUNDLE_LOADER = "$(TEST_HOST)";
				FRAMEWORK_SEARCH_PATHS = (
					"$(SDKROOT)/Developer/Library/Frameworks",
					"$(inherited)",
				);
				GCC_PREPROCESSOR_DEFINITIONS = (
					"DEBUG=1",
					"$(inherited)",
				);
				INFOPLIST_FILE = CyrusTheGreatTests/Info.plist;
				LD_RUNPATH_SEARCH_PATHS = "$(inherited) @executable_path/Frameworks @loader_path/Frameworks";
				PRODUCT_BUNDLE_IDENTIFIER = "edu.jhu.opasina.oladotun.$(PRODUCT_NAME:rfc1034identifier)";
				PRODUCT_NAME = "$(TARGET_NAME)";
				TEST_HOST = "$(BUILT_PRODUCTS_DIR)/CyrusTheGreat.app/CyrusTheGreat";
			};
			name = Debug;
		};
		7CED63831C7353CD0003B19A /* Release */ = {
			isa = XCBuildConfiguration;
			buildSettings = {
				BUNDLE_LOADER = "$(TEST_HOST)";
				FRAMEWORK_SEARCH_PATHS = (
					"$(SDKROOT)/Developer/Library/Frameworks",
					"$(inherited)",
				);
				INFOPLIST_FILE = CyrusTheGreatTests/Info.plist;
				LD_RUNPATH_SEARCH_PATHS = "$(inherited) @executable_path/Frameworks @loader_path/Frameworks";
				PRODUCT_BUNDLE_IDENTIFIER = "edu.jhu.opasina.oladotun.$(PRODUCT_NAME:rfc1034identifier)";
				PRODUCT_NAME = "$(TARGET_NAME)";
				TEST_HOST = "$(BUILT_PRODUCTS_DIR)/CyrusTheGreat.app/CyrusTheGreat";
			};
			name = Release;
		};
/* End XCBuildConfiguration section */

/* Begin XCConfigurationList section */
		7CED635A1C7353CC0003B19A /* Build configuration list for PBXProject "CyrusTheGreat" */ = {
			isa = XCConfigurationList;
			buildConfigurations = (
				7CED637C1C7353CD0003B19A /* Debug */,
				7CED637D1C7353CD0003B19A /* Release */,
			);
			defaultConfigurationIsVisible = 0;
			defaultConfigurationName = Release;
		};
		7CED637E1C7353CD0003B19A /* Build configuration list for PBXNativeTarget "CyrusTheGreat" */ = {
			isa = XCConfigurationList;
			buildConfigurations = (
				7CED637F1C7353CD0003B19A /* Debug */,
				7CED63801C7353CD0003B19A /* Release */,
			);
			defaultConfigurationIsVisible = 0;
			defaultConfigurationName = Release;
		};
		7CED63811C7353CD0003B19A /* Build configuration list for PBXNativeTarget "CyrusTheGreatTests" */ = {
			isa = XCConfigurationList;
			buildConfigurations = (
				7CED63821C7353CD0003B19A /* Debug */,
				7CED63831C7353CD0003B19A /* Release */,
			);
			defaultConfigurationIsVisible = 0;
			defaultConfigurationName = Release;
		};
/* End XCConfigurationList section */
	};
	rootObject = 7CED63571C7353CC0003B19A /* Project object */;
}
